// !$*UTF8*$!
{
	archiveVersion = 1;
	classes = {
	};
	objectVersion = 50;
	objects = {

/* Begin PBXBuildFile section */
		16284470239A677D00F3CACD /* AppDelegate.swift in Sources */ = {isa = PBXBuildFile; fileRef = 1628446F239A677D00F3CACD /* AppDelegate.swift */; };
		16284472239A677D00F3CACD /* SceneDelegate.swift in Sources */ = {isa = PBXBuildFile; fileRef = 16284471239A677D00F3CACD /* SceneDelegate.swift */; };
		16284474239A677D00F3CACD /* ViewController.swift in Sources */ = {isa = PBXBuildFile; fileRef = 16284473239A677D00F3CACD /* ViewController.swift */; };
		16284477239A677D00F3CACD /* Main.storyboard in Resources */ = {isa = PBXBuildFile; fileRef = 16284475239A677D00F3CACD /* Main.storyboard */; };
		16284479239A677F00F3CACD /* Assets.xcassets in Resources */ = {isa = PBXBuildFile; fileRef = 16284478239A677F00F3CACD /* Assets.xcassets */; };
		1628447C239A677F00F3CACD /* LaunchScreen.storyboard in Resources */ = {isa = PBXBuildFile; fileRef = 1628447A239A677F00F3CACD /* LaunchScreen.storyboard */; };
		16284484239A67F900F3CACD /* SecondViewController.swift in Sources */ = {isa = PBXBuildFile; fileRef = 16284483239A67F900F3CACD /* SecondViewController.swift */; };
/* End PBXBuildFile section */

/* Begin PBXFileReference section */
		1628446C239A677D00F3CACD /* Segway transmission.app */ = {isa = PBXFileReference; explicitFileType = wrapper.application; includeInIndex = 0; path = "Segway transmission.app"; sourceTree = BUILT_PRODUCTS_DIR; };
		1628446F239A677D00F3CACD /* AppDelegate.swift */ = {isa = PBXFileReference; lastKnownFileType = sourcecode.swift; path = AppDelegate.swift; sourceTree = "<group>"; };
		16284471239A677D00F3CACD /* SceneDelegate.swift */ = {isa = PBXFileReference; lastKnownFileType = sourcecode.swift; path = SceneDelegate.swift; sourceTree = "<group>"; };
		16284473239A677D00F3CACD /* ViewController.swift */ = {isa = PBXFileReference; lastKnownFileType = sourcecode.swift; path = ViewController.swift; sourceTree = "<group>"; };
		16284476239A677D00F3CACD /* Base */ = {isa = PBXFileReference; lastKnownFileType = file.storyboard; name = Base; path = Base.lproj/Main.storyboard; sourceTree = "<group>"; };
		16284478239A677F00F3CACD /* Assets.xcassets */ = {isa = PBXFileReference; lastKnownFileType = folder.assetcatalog; path = Assets.xcassets; sourceTree = "<group>"; };
		1628447B239A677F00F3CACD /* Base */ = {isa = PBXFileReference; lastKnownFileType = file.storyboard; name = Base; path = Base.lproj/LaunchScreen.storyboard; sourceTree = "<group>"; };
		1628447D239A677F00F3CACD /* Info.plist */ = {isa = PBXFileReference; lastKnownFileType = text.plist.xml; path = Info.plist; sourceTree = "<group>"; };
		16284483239A67F900F3CACD /* SecondViewController.swift */ = {isa = PBXFileReference; lastKnownFileType = sourcecode.swift; path = SecondViewController.swift; sourceTree = "<group>"; };
/* End PBXFileReference section */

/* Begin PBXFrameworksBuildPhase section */
		16284469239A677D00F3CACD /* Frameworks */ = {
			isa = PBXFrameworksBuildPhase;
			buildActionMask = 2147483647;
			files = (
			);
			runOnlyForDeploymentPostprocessing = 0;
		};
/* End PBXFrameworksBuildPhase section */

/* Begin PBXGroup section */
		16284463239A677D00F3CACD = {
			isa = PBXGroup;
			children = (
				1628446E239A677D00F3CACD /* Segway transmission */,
				1628446D239A677D00F3CACD /* Products */,
			);
			sourceTree = "<group>";
		};
		1628446D239A677D00F3CACD /* Products */ = {
			isa = PBXGroup;
			children = (
				1628446C239A677D00F3CACD /* Segway transmission.app */,
			);
			name = Products;
			sourceTree = "<group>";
		};
		1628446E239A677D00F3CACD /* Segway transmission */ = {
			isa = PBXGroup;
			children = (
				1628446F239A677D00F3CACD /* AppDelegate.swift */,
				16284471239A677D00F3CACD /* SceneDelegate.swift */,
				16284473239A677D00F3CACD /* ViewController.swift */,
				16284483239A67F900F3CACD /* SecondViewController.swift */,
				16284475239A677D00F3CACD /* Main.storyboard */,
				16284478239A677F00F3CACD /* Assets.xcassets */,
				1628447A239A677F00F3CACD /* LaunchScreen.storyboard */,
				1628447D239A677F00F3CACD /* Info.plist */,
			);
			path = "Segway transmission";
			sourceTree = "<group>";
		};
/* End PBXGroup section */

/* Begin PBXNativeTarget section */
		1628446B239A677D00F3CACD /* Segway transmission */ = {
			isa = PBXNativeTarget;
			buildConfigurationList = 16284480239A677F00F3CACD /* Build configuration list for PBXNativeTarget "Segway transmission" */;
			buildPhases = (
				16284468239A677D00F3CACD /* Sources */,
				16284469239A677D00F3CACD /* Frameworks */,
				1628446A239A677D00F3CACD /* Resources */,
			);
			buildRules = (
			);
			dependencies = (
			);
			name = "Segway transmission";
			productName = "Segway transmission";
			productReference = 1628446C239A677D00F3CACD /* Segway transmission.app */;
			productType = "com.apple.product-type.application";
		};
/* End PBXNativeTarget section */

/* Begin PBXProject section */
		16284464239A677D00F3CACD /* Project object */ = {
			isa = PBXProject;
			attributes = {
				LastSwiftUpdateCheck = 1120;
				LastUpgradeCheck = 1120;
				ORGANIZATIONNAME = XDD;
				TargetAttributes = {
					1628446B239A677D00F3CACD = {
						CreatedOnToolsVersion = 11.2.1;
					};
				};
			};
			buildConfigurationList = 16284467239A677D00F3CACD /* Build configuration list for PBXProject "Segway transmission" */;
			compatibilityVersion = "Xcode 9.3";
			developmentRegion = en;
			hasScannedForEncodings = 0;
			knownRegions = (
				en,
				Base,
			);
			mainGroup = 16284463239A677D00F3CACD;
			productRefGroup = 1628446D239A677D00F3CACD /* Products */;
			projectDirPath = "";
			projectRoot = "";
			targets = (
				1628446B239A677D00F3CACD /* Segway transmission */,
			);
		};
/* End PBXProject section */

/* Begin PBXResourcesBuildPhase section */
		1628446A239A677D00F3CACD /* Resources */ = {
			isa = PBXResourcesBuildPhase;
			buildActionMask = 2147483647;
			files = (
				1628447C239A677F00F3CACD /* LaunchScreen.storyboard in Resources */,
				16284479239A677F00F3CACD /* Assets.xcassets in Resources */,
				16284477239A677D00F3CACD /* Main.storyboard in Resources */,
			);
			runOnlyForDeploymentPostprocessing = 0;
		};
/* End PBXResourcesBuildPhase section */

/* Begin PBXSourcesBuildPhase section */
		16284468239A677D00F3CACD /* Sources */ = {
			isa = PBXSourcesBuildPhase;
			buildActionMask = 2147483647;
			files = (
				16284484239A67F900F3CACD /* SecondViewController.swift in Sources */,
				16284474239A677D00F3CACD /* ViewController.swift in Sources */,
				16284470239A677D00F3CACD /* AppDelegate.swift in Sources */,
				16284472239A677D00F3CACD /* SceneDelegate.swift in Sources */,
			);
			runOnlyForDeploymentPostprocessing = 0;
		};
/* End PBXSourcesBuildPhase section */

/* Begin PBXVariantGroup section */
		16284475239A677D00F3CACD /* Main.storyboard */ = {
			isa = PBXVariantGroup;
			children = (
				16284476239A677D00F3CACD /* Base */,
			);
			name = Main.storyboard;
			sourceTree = "<group>";
		};
		1628447A239A677F00F3CACD /* LaunchScreen.storyboard */ = {
			isa = PBXVariantGroup;
			children = (
				1628447B239A677F00F3CACD /* Base */,
			);
			name = LaunchScreen.storyboard;
			sourceTree = "<group>";
		};
/* End PBXVariantGroup section */

/* Begin XCBuildConfiguration section */
		1628447E239A677F00F3CACD /* Debug */ = {
			isa = XCBuildConfiguration;
			buildSettings = {
				ALWAYS_SEARCH_USER_PATHS = NO;
				CLANG_ANALYZER_NONNULL = YES;
				CLANG_ANALYZER_NUMBER_OBJECT_CONVERSION = YES_AGGRESSIVE;
				CLANG_CXX_LANGUAGE_STANDARD = "gnu++14";
				CLANG_CXX_LIBRARY = "libc++";
				CLANG_ENABLE_MODULES = YES;
				CLANG_ENABLE_OBJC_ARC = YES;
				CLANG_ENABLE_OBJC_WEAK = YES;
				CLANG_WARN_BLOCK_CAPTURE_AUTORELEASING = YES;
				CLANG_WARN_BOOL_CONVERSION = YES;
				CLANG_WARN_COMMA = YES;
				CLANG_WARN_CONSTANT_CONVERSION = YES;
				CLANG_WARN_DEPRECATED_OBJC_IMPLEMENTATIONS = YES;
				CLANG_WARN_DIRECT_OBJC_ISA_USAGE = YES_ERROR;
				CLANG_WARN_DOCUMENTATION_COMMENTS = YES;
				CLANG_WARN_EMPTY_BODY = YES;
				CLANG_WARN_ENUM_CONVERSION = YES;
				CLANG_WARN_INFINITE_RECURSION = YES;
				CLANG_WARN_INT_CONVERSION = YES;
				CLANG_WARN_NON_LITERAL_NULL_CONVERSION = YES;
				CLANG_WARN_OBJC_IMPLICIT_RETAIN_SELF = YES;
				CLANG_WARN_OBJC_LITERAL_CONVERSION = YES;
				CLANG_WARN_OBJC_ROOT_CLASS = YES_ERROR;
				CLANG_WARN_RANGE_LOOP_ANALYSIS = YES;
				CLANG_WARN_STRICT_PROTOTYPES = YES;
				CLANG_WARN_SUSPICIOUS_MOVE = YES;
				CLANG_WARN_UNGUARDED_AVAILABILITY = YES_AGGRESSIVE;
				CLANG_WARN_UNREACHABLE_CODE = YES;
				CLANG_WARN__DUPLICATE_METHOD_MATCH = YES;
				COPY_PHASE_STRIP = NO;
				DEBUG_INFORMATION_FORMAT = dwarf;
				ENABLE_STRICT_OBJC_MSGSEND = YES;
				ENABLE_TESTABILITY = YES;
				GCC_C_LANGUAGE_STANDARD = gnu11;
				GCC_DYNAMIC_NO_PIC = NO;
				GCC_NO_COMMON_BLOCKS = YES;
				GCC_OPTIMIZATION_LEVEL = 0;
				GCC_PREPROCESSOR_DEFINITIONS = (
					"DEBUG=1",
					"$(inherited)",
				);
				GCC_WARN_64_TO_32_BIT_CONVERSION = YES;
				GCC_WARN_ABOUT_RETURN_TYPE = YES_ERROR;
				GCC_WARN_UNDECLARED_SELECTOR = YES;
				GCC_WARN_UNINITIALIZED_AUTOS = YES_AGGRESSIVE;
				GCC_WARN_UNUSED_FUNCTION = YES;
				GCC_WARN_UNUSED_VARIABLE = YES;
				IPHONEOS_DEPLOYMENT_TARGET = 13.2;
				MTL_ENABLE_DEBUG_INFO = INCLUDE_SOURCE;
				MTL_FAST_MATH = YES;
				ONLY_ACTIVE_ARCH = YES;
				SDKROOT = iphoneos;
				SWIFT_ACTIVE_COMPILATION_CONDITIONS = DEBUG;
				SWIFT_OPTIMIZATION_LEVEL = "-Onone";
			};
			name = Debug;
		};
		1628447F239A677F00F3CACD /* Release */ = {
			isa = XCBuildConfiguration;
			buildSettings = {
				ALWAYS_SEARCH_USER_PATHS = NO;
				CLANG_ANALYZER_NONNULL = YES;
				CLANG_ANALYZER_NUMBER_OBJECT_CONVERSION = YES_AGGRESSIVE;
				CLANG_CXX_LANGUAGE_STANDARD = "gnu++14";
				CLANG_CXX_LIBRARY = "libc++";
				CLANG_ENABLE_MODULES = YES;
				CLANG_ENABLE_OBJC_ARC = YES;
				CLANG_ENABLE_OBJC_WEAK = YES;
				CLANG_WARN_BLOCK_CAPTURE_AUTORELEASING = YES;
				CLANG_WARN_BOOL_CONVERSION = YES;
				CLANG_WARN_COMMA = YES;
				CLANG_WARN_CONSTANT_CONVERSION = YES;
				CLANG_WARN_DEPRECATED_OBJC_IMPLEMENTATIONS = YES;
				CLANG_WARN_DIRECT_OBJC_ISA_USAGE = YES_ERROR;
				CLANG_WARN_DOCUMENTATION_COMMENTS = YES;
				CLANG_WARN_EMPTY_BODY = YES;
				CLANG_WARN_ENUM_CONVERSION = YES;
				CLANG_WARN_INFINITE_RECURSION = YES;
				CLANG_WARN_INT_CONVERSION = YES;
				CLANG_WARN_NON_LITERAL_NULL_CONVERSION = YES;
				CLANG_WARN_OBJC_IMPLICIT_RETAIN_SELF = YES;
				CLANG_WARN_OBJC_LITERAL_CONVERSION = YES;
				CLANG_WARN_OBJC_ROOT_CLASS = YES_ERROR;
				CLANG_WARN_RANGE_LOOP_ANALYSIS = YES;
				CLANG_WARN_STRICT_PROTOTYPES = YES;
				CLANG_WARN_SUSPICIOUS_MOVE = YES;
				CLANG_WARN_UNGUARDED_AVAILABILITY = YES_AGGRESSIVE;
				CLANG_WARN_UNREACHABLE_CODE = YES;
				CLANG_WARN__DUPLICATE_METHOD_MATCH = YES;
				COPY_PHASE_STRIP = NO;
				DEBUG_INFORMATION_FORMAT = "dwarf-with-dsym";
				ENABLE_NS_ASSERTIONS = NO;
				ENABLE_STRICT_OBJC_MSGSEND = YES;
				GCC_C_LANGUAGE_STANDARD = gnu11;
				GCC_NO_COMMON_BLOCKS = YES;
				GCC_WARN_64_TO_32_BIT_CONVERSION = YES;
				GCC_WARN_ABOUT_RETURN_TYPE = YES_ERROR;
				GCC_WARN_UNDECLARED_SELECTOR = YES;
				GCC_WARN_UNINITIALIZED_AUTOS = YES_AGGRESSIVE;
				GCC_WARN_UNUSED_FUNCTION = YES;
				GCC_WARN_UNUSED_VARIABLE = YES;
				IPHONEOS_DEPLOYMENT_TARGET = 13.2;
				MTL_ENABLE_DEBUG_INFO = NO;
				MTL_FAST_MATH = YES;
				SDKROOT = iphoneos;
				SWIFT_COMPILATION_MODE = wholemodule;
				SWIFT_OPTIMIZATION_LEVEL = "-O";
				VALIDATE_PRODUCT = YES;
			};
			name = Release;
		};
		16284481239A677F00F3CACD /* Debug */ = {
			isa = XCBuildConfiguration;
			buildSettings = {
				ASSETCATALOG_COMPILER_APPICON_NAME = AppIcon;
				CODE_SIGN_STYLE = Automatic;
				INFOPLIST_FILE = "Segway transmission/Info.plist";
				LD_RUNPATH_SEARCH_PATHS = (
					"$(inherited)",
					"@executable_path/Frameworks",
				);
				PRODUCT_BUNDLE_IDENTIFIER = "ssg.Segway-transmission";
				PRODUCT_NAME = "$(TARGET_NAME)";
				SWIFT_VERSION = 5.0;
				TARGETED_DEVICE_FAMILY = "1,2";
			};
			name = Debug;
		};
		16284482239A677F00F3CACD /* Release */ = {
			isa = XCBuildConfiguration;
			buildSettings = {
				ASSETCATALOG_COMPILER_APPICON_NAME = AppIcon;
				CODE_SIGN_STYLE = Automatic;
				INFOPLIST_FILE = "Segway transmission/Info.plist";
				LD_RUNPATH_SEARCH_PATHS = (
					"$(inherited)",
					"@executable_path/Frameworks",
				);
				PRODUCT_BUNDLE_IDENTIFIER = "ssg.Segway-transmission";
				PRODUCT_NAME = "$(TARGET_NAME)";
				SWIFT_VERSION = 5.0;
				TARGETED_DEVICE_FAMILY = "1,2";
			};
			name = Release;
		};
/* End XCBuildConfiguration section */

/* Begin XCConfigurationList section */
		16284467239A677D00F3CACD /* Build configuration list for PBXProject "Segway transmission" */ = {
			isa = XCConfigurationList;
			buildConfigurations = (
				1628447E239A677F00F3CACD /* Debug */,
				1628447F239A677F00F3CACD /* Release */,
			);
			defaultConfigurationIsVisible = 0;
			defaultConfigurationName = Release;
		};
		16284480239A677F00F3CACD /* Build configuration list for PBXNativeTarget "Segway transmission" */ = {
			isa = XCConfigurationList;
			buildConfigurations = (
				16284481239A677F00F3CACD /* Debug */,
				16284482239A677F00F3CACD /* Release */,
			);
			defaultConfigurationIsVisible = 0;
			defaultConfigurationName = Release;
		};
/* End XCConfigurationList section */
	};
	rootObject = 16284464239A677D00F3CACD /* Project object */;
}
